
Microsoft Visual Studio Solution File, Format Version 12.00
# Visual Studio Version 17
VisualStudioVersion = 17.7.34018.315
MinimumVisualStudioVersion = 10.0.40219.1
Project("{FAE04EC0-301F-11D3-BF4B-00C04F79EFBC}") = "MinimalApiComDapper", "MinimalApiComDapper.csproj", "{BB9996D5-6207-4040-945C-237FB87F8657}"
EndProject
Global
	GlobalSection(SolutionConfigurationPlatforms) = preSolution
		Debug|Any CPU = Debug|Any CPU
		Release|Any CPU = Release|Any CPU
	EndGlobalSection
	GlobalSection(ProjectConfigurationPlatforms) = postSolution
		{BB9996D5-6207-4040-945C-237FB87F8657}.Debug|Any CPU.ActiveCfg = Debug|Any CPU
		{BB9996D5-6207-4040-945C-237FB87F8657}.Debug|Any CPU.Build.0 = Debug|Any CPU
		{BB9996D5-6207-4040-945C-237FB87F8657}.Release|Any CPU.ActiveCfg = Release|Any CPU
		{BB9996D5-6207-4040-945C-237FB87F8657}.Release|Any CPU.Build.0 = Release|Any CPU
	EndGlobalSection
	GlobalSection(SolutionProperties) = preSolution
		HideSolutionNode = FALSE
	EndGlobalSection
	GlobalSection(ExtensibilityGlobals) = postSolution
		SolutionGuid = {CB9A4EE8-4264-46E1-B037-0430A24E92F4}
	EndGlobalSection
EndGlobal
